
Microsoft Visual Studio Solution File, Format Version 12.00
# Visual Studio Version 16
VisualStudioVersion = 16.0.31205.134
MinimumVisualStudioVersion = 10.0.40219.1
Project("{FAE04EC0-301F-11D3-BF4B-00C04F79EFBC}") = "neuron", "neuron\neuron.csproj", "{ABECAFB0-0EF5-42FC-81C7-B406E7C305B4}"
EndProject
Global
	GlobalSection(SolutionConfigurationPlatforms) = preSolution
		Debug|Any CPU = Debug|Any CPU
		Release|Any CPU = Release|Any CPU
	EndGlobalSection
	GlobalSection(ProjectConfigurationPlatforms) = postSolution
		{ABECAFB0-0EF5-42FC-81C7-B406E7C305B4}.Debug|Any CPU.ActiveCfg = Debug|Any CPU
		{ABECAFB0-0EF5-42FC-81C7-B406E7C305B4}.Debug|Any CPU.Build.0 = Debug|Any CPU
		{ABECAFB0-0EF5-42FC-81C7-B406E7C305B4}.Release|Any CPU.ActiveCfg = Release|Any CPU
		{ABECAFB0-0EF5-42FC-81C7-B406E7C305B4}.Release|Any CPU.Build.0 = Release|Any CPU
	EndGlobalSection
	GlobalSection(SolutionProperties) = preSolution
		HideSolutionNode = FALSE
	EndGlobalSection
	GlobalSection(ExtensibilityGlobals) = postSolution
		SolutionGuid = {41066ADE-1164-4EFB-AA0C-DC4D92DF1D21}
	EndGlobalSection
EndGlobal
